
Microsoft Visual Studio Solution File, Format Version 12.00
# Visual Studio Version 17
VisualStudioVersion = 17.6.33815.320
MinimumVisualStudioVersion = 10.0.40219.1
Project("{FAE04EC0-301F-11D3-BF4B-00C04F79EFBC}") = "RegistroAlumnos", "RegistroAlumnos\RegistroAlumnos.csproj", "{A8A6556B-C5DF-40AC-BD8C-F535757AD8FD}"
	ProjectSection(ProjectDependencies) = postProject
		{B460B515-26E3-48B1-9E91-1000FD492296} = {B460B515-26E3-48B1-9E91-1000FD492296}
	EndProjectSection
EndProject
Project("{FAE04EC0-301F-11D3-BF4B-00C04F79EFBC}") = "ProyectServices", "ProyectServices\ProyectServices.csproj", "{B460B515-26E3-48B1-9E91-1000FD492296}"
EndProject
Project("{FAE04EC0-301F-11D3-BF4B-00C04F79EFBC}") = "ProyectData", "ProyectData\ProyectData.csproj", "{43A80DCF-2EAD-4DC0-9B5E-BEEB1B0CC09B}"
EndProject
Project("{FAE04EC0-301F-11D3-BF4B-00C04F79EFBC}") = "ProyectForm", "ProyectForm\ProyectForm.csproj", "{B9D98CFD-D731-4A34-AACE-D7230A5B4D5B}"
	ProjectSection(ProjectDependencies) = postProject
		{B460B515-26E3-48B1-9E91-1000FD492296} = {B460B515-26E3-48B1-9E91-1000FD492296}
	EndProjectSection
EndProject
Global
	GlobalSection(SolutionConfigurationPlatforms) = preSolution
		Debug|Any CPU = Debug|Any CPU
		Release|Any CPU = Release|Any CPU
	EndGlobalSection
	GlobalSection(ProjectConfigurationPlatforms) = postSolution
		{A8A6556B-C5DF-40AC-BD8C-F535757AD8FD}.Debug|Any CPU.ActiveCfg = Debug|Any CPU
		{A8A6556B-C5DF-40AC-BD8C-F535757AD8FD}.Debug|Any CPU.Build.0 = Debug|Any CPU
		{A8A6556B-C5DF-40AC-BD8C-F535757AD8FD}.Release|Any CPU.ActiveCfg = Release|Any CPU
		{A8A6556B-C5DF-40AC-BD8C-F535757AD8FD}.Release|Any CPU.Build.0 = Release|Any CPU
		{B460B515-26E3-48B1-9E91-1000FD492296}.Debug|Any CPU.ActiveCfg = Debug|Any CPU
		{B460B515-26E3-48B1-9E91-1000FD492296}.Debug|Any CPU.Build.0 = Debug|Any CPU
		{B460B515-26E3-48B1-9E91-1000FD492296}.Release|Any CPU.ActiveCfg = Release|Any CPU
		{B460B515-26E3-48B1-9E91-1000FD492296}.Release|Any CPU.Build.0 = Release|Any CPU
		{43A80DCF-2EAD-4DC0-9B5E-BEEB1B0CC09B}.Debug|Any CPU.ActiveCfg = Debug|Any CPU
		{43A80DCF-2EAD-4DC0-9B5E-BEEB1B0CC09B}.Debug|Any CPU.Build.0 = Debug|Any CPU
		{43A80DCF-2EAD-4DC0-9B5E-BEEB1B0CC09B}.Release|Any CPU.ActiveCfg = Release|Any CPU
		{43A80DCF-2EAD-4DC0-9B5E-BEEB1B0CC09B}.Release|Any CPU.Build.0 = Release|Any CPU
		{B9D98CFD-D731-4A34-AACE-D7230A5B4D5B}.Debug|Any CPU.ActiveCfg = Debug|Any CPU
		{B9D98CFD-D731-4A34-AACE-D7230A5B4D5B}.Debug|Any CPU.Build.0 = Debug|Any CPU
		{B9D98CFD-D731-4A34-AACE-D7230A5B4D5B}.Release|Any CPU.ActiveCfg = Release|Any CPU
		{B9D98CFD-D731-4A34-AACE-D7230A5B4D5B}.Release|Any CPU.Build.0 = Release|Any CPU
	EndGlobalSection
	GlobalSection(SolutionProperties) = preSolution
		HideSolutionNode = FALSE
	EndGlobalSection
	GlobalSection(ExtensibilityGlobals) = postSolution
		SolutionGuid = {F76E602F-79EF-4BE0-B5A1-CF87E1FD6302}
	EndGlobalSection
EndGlobal
